
Microsoft Visual Studio Solution File, Format Version 12.00
# Visual Studio 15
VisualStudioVersion = 15.0.27004.2002
MinimumVisualStudioVersion = 10.0.40219.1
Project("{E24C65DC-7377-472B-9ABA-BC803B73C61A}") = "homes-angular", ".", "{89C4040E-EBDC-44F5-B5D0-850114A9CB2A}"
	ProjectSection(WebsiteProperties) = preProject
		TargetFrameworkMoniker = ".NETFramework,Version%3Dv4.5"
		Debug.AspNetCompiler.VirtualPath = "/localhost_51863"
		Debug.AspNetCompiler.PhysicalPath = "..\homes-angular\"
		Debug.AspNetCompiler.TargetPath = "PrecompiledWeb\localhost_51863\"
		Debug.AspNetCompiler.Updateable = "true"
		Debug.AspNetCompiler.ForceOverwrite = "true"
		Debug.AspNetCompiler.FixedNames = "false"
		Debug.AspNetCompiler.Debug = "True"
		Release.AspNetCompiler.VirtualPath = "/localhost_51863"
		Release.AspNetCompiler.PhysicalPath = "..\homes-angular\"
		Release.AspNetCompiler.TargetPath = "PrecompiledWeb\localhost_51863\"
		Release.AspNetCompiler.Updateable = "true"
		Release.AspNetCompiler.ForceOverwrite = "true"
		Release.AspNetCompiler.FixedNames = "false"
		Release.AspNetCompiler.Debug = "False"
		VWDPort = "51863"
		SlnRelativePath = "..\homes-angular\"
		DefaultWebSiteLanguage = "Visual C#"
	EndProjectSection
EndProject
Global
	GlobalSection(SolutionConfigurationPlatforms) = preSolution
		Debug|Any CPU = Debug|Any CPU
	EndGlobalSection
	GlobalSection(ProjectConfigurationPlatforms) = postSolution
		{89C4040E-EBDC-44F5-B5D0-850114A9CB2A}.Debug|Any CPU.ActiveCfg = Debug|Any CPU
		{89C4040E-EBDC-44F5-B5D0-850114A9CB2A}.Debug|Any CPU.Build.0 = Debug|Any CPU
	EndGlobalSection
	GlobalSection(SolutionProperties) = preSolution
		HideSolutionNode = FALSE
	EndGlobalSection
	GlobalSection(ExtensibilityGlobals) = postSolution
		SolutionGuid = {7D217F46-9D21-42E1-ABBE-BC6EC6EE85F8}
	EndGlobalSection
EndGlobal
